
Microsoft Visual Studio Solution File, Format Version 12.00
# Visual Studio 14
VisualStudioVersion = 14.0.23107.0
MinimumVisualStudioVersion = 10.0.40219.1
Project("{FAE04EC0-301F-11D3-BF4B-00C04F79EFBC}") = "demo.xamarin.forms", "demo.xamarin.forms\demo.xamarin.forms\demo.xamarin.forms.csproj", "{62241F62-3B9B-4587-9080-2BC11D1583B5}"
EndProject
Project("{FAE04EC0-301F-11D3-BF4B-00C04F79EFBC}") = "demo.xamarin.forms.iOS", "demo.xamarin.forms\demo.xamarin.forms.iOS\demo.xamarin.forms.iOS.csproj", "{7D4D4223-BEFB-42A3-BEEB-9ED40050A0BC}"
EndProject
Project("{FAE04EC0-301F-11D3-BF4B-00C04F79EFBC}") = "demo.xamarin.forms.Droid", "demo.xamarin.forms\demo.xamarin.forms.Droid\demo.xamarin.forms.Droid.csproj", "{B5FB6B82-0247-4A7F-AD4C-4BB5277F2C94}"
EndProject
Project("{FAE04EC0-301F-11D3-BF4B-00C04F79EFBC}") = "demo.xamarin.forms.WinPhone", "demo.xamarin.forms\demo.xamarin.forms.WinPhone\demo.xamarin.forms.WinPhone.csproj", "{5BD423BE-6265-4143-81F2-F224D07F41AE}"
EndProject
Global
	GlobalSection(SolutionConfigurationPlatforms) = preSolution
		Ad-Hoc|Any CPU = Ad-Hoc|Any CPU
		Ad-Hoc|ARM = Ad-Hoc|ARM
		Ad-Hoc|iPhone = Ad-Hoc|iPhone
		Ad-Hoc|iPhoneSimulator = Ad-Hoc|iPhoneSimulator
		Ad-Hoc|x86 = Ad-Hoc|x86
		AppStore|Any CPU = AppStore|Any CPU
		AppStore|ARM = AppStore|ARM
		AppStore|iPhone = AppStore|iPhone
		AppStore|iPhoneSimulator = AppStore|iPhoneSimulator
		AppStore|x86 = AppStore|x86
		Debug|Any CPU = Debug|Any CPU
		Debug|ARM = Debug|ARM
		Debug|iPhone = Debug|iPhone
		Debug|iPhoneSimulator = Debug|iPhoneSimulator
		Debug|x86 = Debug|x86
		Release|Any CPU = Release|Any CPU
		Release|ARM = Release|ARM
		Release|iPhone = Release|iPhone
		Release|iPhoneSimulator = Release|iPhoneSimulator
		Release|x86 = Release|x86
	EndGlobalSection
	GlobalSection(ProjectConfigurationPlatforms) = postSolution
		{62241F62-3B9B-4587-9080-2BC11D1583B5}.Ad-Hoc|Any CPU.ActiveCfg = Release|Any CPU
		{62241F62-3B9B-4587-9080-2BC11D1583B5}.Ad-Hoc|Any CPU.Build.0 = Release|Any CPU
		{62241F62-3B9B-4587-9080-2BC11D1583B5}.Ad-Hoc|ARM.ActiveCfg = Release|Any CPU
		{62241F62-3B9B-4587-9080-2BC11D1583B5}.Ad-Hoc|ARM.Build.0 = Release|Any CPU
		{62241F62-3B9B-4587-9080-2BC11D1583B5}.Ad-Hoc|iPhone.ActiveCfg = Release|Any CPU
		{62241F62-3B9B-4587-9080-2BC11D1583B5}.Ad-Hoc|iPhone.Build.0 = Release|Any CPU
		{62241F62-3B9B-4587-9080-2BC11D1583B5}.Ad-Hoc|iPhoneSimulator.ActiveCfg = Release|Any CPU
		{62241F62-3B9B-4587-9080-2BC11D1583B5}.Ad-Hoc|iPhoneSimulator.Build.0 = Release|Any CPU
		{62241F62-3B9B-4587-9080-2BC11D1583B5}.Ad-Hoc|x86.ActiveCfg = Release|Any CPU
		{62241F62-3B9B-4587-9080-2BC11D1583B5}.Ad-Hoc|x86.Build.0 = Release|Any CPU
		{62241F62-3B9B-4587-9080-2BC11D1583B5}.AppStore|Any CPU.ActiveCfg = Release|Any CPU
		{62241F62-3B9B-4587-9080-2BC11D1583B5}.AppStore|Any CPU.Build.0 = Release|Any CPU
		{62241F62-3B9B-4587-9080-2BC11D1583B5}.AppStore|ARM.ActiveCfg = Release|Any CPU
		{62241F62-3B9B-4587-9080-2BC11D1583B5}.AppStore|ARM.Build.0 = Release|Any CPU
		{62241F62-3B9B-4587-9080-2BC11D1583B5}.AppStore|iPhone.ActiveCfg = Release|Any CPU
		{62241F62-3B9B-4587-9080-2BC11D1583B5}.AppStore|iPhone.Build.0 = Release|Any CPU
		{62241F62-3B9B-4587-9080-2BC11D1583B5}.AppStore|iPhoneSimulator.ActiveCfg = Release|Any CPU
		{62241F62-3B9B-4587-9080-2BC11D1583B5}.AppStore|iPhoneSimulator.Build.0 = Release|Any CPU
		{62241F62-3B9B-4587-9080-2BC11D1583B5}.AppStore|x86.ActiveCfg = Release|Any CPU
		{62241F62-3B9B-4587-9080-2BC11D1583B5}.AppStore|x86.Build.0 = Release|Any CPU
		{62241F62-3B9B-4587-9080-2BC11D1583B5}.Debug|Any CPU.ActiveCfg = Debug|Any CPU
		{62241F62-3B9B-4587-9080-2BC11D1583B5}.Debug|Any CPU.Build.0 = Debug|Any CPU
		{62241F62-3B9B-4587-9080-2BC11D1583B5}.Debug|ARM.ActiveCfg = Debug|Any CPU
		{62241F62-3B9B-4587-9080-2BC11D1583B5}.Debug|ARM.Build.0 = Debug|Any CPU
		{62241F62-3B9B-4587-9080-2BC11D1583B5}.Debug|iPhone.ActiveCfg = Debug|Any CPU
		{62241F62-3B9B-4587-9080-2BC11D1583B5}.Debug|iPhone.Build.0 = Debug|Any CPU
		{62241F62-3B9B-4587-9080-2BC11D1583B5}.Debug|iPhoneSimulator.ActiveCfg = Debug|Any CPU
		{62241F62-3B9B-4587-9080-2BC11D1583B5}.Debug|iPhoneSimulator.Build.0 = Debug|Any CPU
		{62241F62-3B9B-4587-9080-2BC11D1583B5}.Debug|x86.ActiveCfg = Debug|Any CPU
		{62241F62-3B9B-4587-9080-2BC11D1583B5}.Debug|x86.Build.0 = Debug|Any CPU
		{62241F62-3B9B-4587-9080-2BC11D1583B5}.Release|Any CPU.ActiveCfg = Release|Any CPU
		{62241F62-3B9B-4587-9080-2BC11D1583B5}.Release|Any CPU.Build.0 = Release|Any CPU
		{62241F62-3B9B-4587-9080-2BC11D1583B5}.Release|ARM.ActiveCfg = Release|Any CPU
		{62241F62-3B9B-4587-9080-2BC11D1583B5}.Release|ARM.Build.0 = Release|Any CPU
		{62241F62-3B9B-4587-9080-2BC11D1583B5}.Release|iPhone.ActiveCfg = Release|Any CPU
		{62241F62-3B9B-4587-9080-2BC11D1583B5}.Release|iPhone.Build.0 = Release|Any CPU
		{62241F62-3B9B-4587-9080-2BC11D1583B5}.Release|iPhoneSimulator.ActiveCfg = Release|Any CPU
		{62241F62-3B9B-4587-9080-2BC11D1583B5}.Release|iPhoneSimulator.Build.0 = Release|Any CPU
		{62241F62-3B9B-4587-9080-2BC11D1583B5}.Release|x86.ActiveCfg = Release|Any CPU
		{62241F62-3B9B-4587-9080-2BC11D1583B5}.Release|x86.Build.0 = Release|Any CPU
		{7D4D4223-BEFB-42A3-BEEB-9ED40050A0BC}.Ad-Hoc|Any CPU.ActiveCfg = Ad-Hoc|iPhone
		{7D4D4223-BEFB-42A3-BEEB-9ED40050A0BC}.Ad-Hoc|ARM.ActiveCfg = Ad-Hoc|iPhone
		{7D4D4223-BEFB-42A3-BEEB-9ED40050A0BC}.Ad-Hoc|iPhone.ActiveCfg = Ad-Hoc|iPhone
		{7D4D4223-BEFB-42A3-BEEB-9ED40050A0BC}.Ad-Hoc|iPhone.Build.0 = Ad-Hoc|iPhone
		{7D4D4223-BEFB-42A3-BEEB-9ED40050A0BC}.Ad-Hoc|iPhoneSimulator.ActiveCfg = Ad-Hoc|iPhoneSimulator
		{7D4D4223-BEFB-42A3-BEEB-9ED40050A0BC}.Ad-Hoc|iPhoneSimulator.Build.0 = Ad-Hoc|iPhoneSimulator
		{7D4D4223-BEFB-42A3-BEEB-9ED40050A0BC}.Ad-Hoc|x86.ActiveCfg = Ad-Hoc|iPhone
		{7D4D4223-BEFB-42A3-BEEB-9ED40050A0BC}.AppStore|Any CPU.ActiveCfg = AppStore|iPhone
		{7D4D4223-BEFB-42A3-BEEB-9ED40050A0BC}.AppStore|ARM.ActiveCfg = AppStore|iPhone
		{7D4D4223-BEFB-42A3-BEEB-9ED40050A0BC}.AppStore|iPhone.ActiveCfg = AppStore|iPhone
		{7D4D4223-BEFB-42A3-BEEB-9ED40050A0BC}.AppStore|iPhone.Build.0 = AppStore|iPhone
		{7D4D4223-BEFB-42A3-BEEB-9ED40050A0BC}.AppStore|iPhoneSimulator.ActiveCfg = AppStore|iPhoneSimulator
		{7D4D4223-BEFB-42A3-BEEB-9ED40050A0BC}.AppStore|iPhoneSimulator.Build.0 = AppStore|iPhoneSimulator
		{7D4D4223-BEFB-42A3-BEEB-9ED40050A0BC}.AppStore|x86.ActiveCfg = AppStore|iPhone
		{7D4D4223-BEFB-42A3-BEEB-9ED40050A0BC}.Debug|Any CPU.ActiveCfg = Debug|iPhone
		{7D4D4223-BEFB-42A3-BEEB-9ED40050A0BC}.Debug|ARM.ActiveCfg = Debug|iPhone
		{7D4D4223-BEFB-42A3-BEEB-9ED40050A0BC}.Debug|iPhone.ActiveCfg = Debug|iPhone
		{7D4D4223-BEFB-42A3-BEEB-9ED40050A0BC}.Debug|iPhone.Build.0 = Debug|iPhone
		{7D4D4223-BEFB-42A3-BEEB-9ED40050A0BC}.Debug|iPhoneSimulator.ActiveCfg = Debug|iPhoneSimulator
		{7D4D4223-BEFB-42A3-BEEB-9ED40050A0BC}.Debug|iPhoneSimulator.Build.0 = Debug|iPhoneSimulator
		{7D4D4223-BEFB-42A3-BEEB-9ED40050A0BC}.Debug|x86.ActiveCfg = Debug|iPhone
		{7D4D4223-BEFB-42A3-BEEB-9ED40050A0BC}.Release|Any CPU.ActiveCfg = Release|iPhone
		{7D4D4223-BEFB-42A3-BEEB-9ED40050A0BC}.Release|ARM.ActiveCfg = Release|iPhone
		{7D4D4223-BEFB-42A3-BEEB-9ED40050A0BC}.Release|iPhone.ActiveCfg = Release|iPhone
		{7D4D4223-BEFB-42A3-BEEB-9ED40050A0BC}.Release|iPhone.Build.0 = Release|iPhone
		{7D4D4223-BEFB-42A3-BEEB-9ED40050A0BC}.Release|iPhoneSimulator.ActiveCfg = Release|iPhoneSimulator
		{7D4D4223-BEFB-42A3-BEEB-9ED40050A0BC}.Release|iPhoneSimulator.Build.0 = Release|iPhoneSimulator
		{7D4D4223-BEFB-42A3-BEEB-9ED40050A0BC}.Release|x86.ActiveCfg = Release|iPhone
		{B5FB6B82-0247-4A7F-AD4C-4BB5277F2C94}.Ad-Hoc|Any CPU.ActiveCfg = Release|Any CPU
		{B5FB6B82-0247-4A7F-AD4C-4BB5277F2C94}.Ad-Hoc|Any CPU.Build.0 = Release|Any CPU
		{B5FB6B82-0247-4A7F-AD4C-4BB5277F2C94}.Ad-Hoc|Any CPU.Deploy.0 = Release|Any CPU
		{B5FB6B82-0247-4A7F-AD4C-4BB5277F2C94}.Ad-Hoc|ARM.ActiveCfg = Release|Any CPU
		{B5FB6B82-0247-4A7F-AD4C-4BB5277F2C94}.Ad-Hoc|ARM.Build.0 = Release|Any CPU
		{B5FB6B82-0247-4A7F-AD4C-4BB5277F2C94}.Ad-Hoc|ARM.Deploy.0 = Release|Any CPU
		{B5FB6B82-0247-4A7F-AD4C-4BB5277F2C94}.Ad-Hoc|iPhone.ActiveCfg = Release|Any CPU
		{B5FB6B82-0247-4A7F-AD4C-4BB5277F2C94}.Ad-Hoc|iPhone.Build.0 = Release|Any CPU
		{B5FB6B82-0247-4A7F-AD4C-4BB5277F2C94}.Ad-Hoc|iPhone.Deploy.0 = Release|Any CPU
		{B5FB6B82-0247-4A7F-AD4C-4BB5277F2C94}.Ad-Hoc|iPhoneSimulator.ActiveCfg = Release|Any CPU
		{B5FB6B82-0247-4A7F-AD4C-4BB5277F2C94}.Ad-Hoc|iPhoneSimulator.Build.0 = Release|Any CPU
		{B5FB6B82-0247-4A7F-AD4C-4BB5277F2C94}.Ad-Hoc|iPhoneSimulator.Deploy.0 = Release|Any CPU
		{B5FB6B82-0247-4A7F-AD4C-4BB5277F2C94}.Ad-Hoc|x86.ActiveCfg = Release|Any CPU
		{B5FB6B82-0247-4A7F-AD4C-4BB5277F2C94}.Ad-Hoc|x86.Build.0 = Release|Any CPU
		{B5FB6B82-0247-4A7F-AD4C-4BB5277F2C94}.Ad-Hoc|x86.Deploy.0 = Release|Any CPU
		{B5FB6B82-0247-4A7F-AD4C-4BB5277F2C94}.AppStore|Any CPU.ActiveCfg = Release|Any CPU
		{B5FB6B82-0247-4A7F-AD4C-4BB5277F2C94}.AppStore|Any CPU.Build.0 = Release|Any CPU
		{B5FB6B82-0247-4A7F-AD4C-4BB5277F2C94}.AppStore|Any CPU.Deploy.0 = Release|Any CPU
		{B5FB6B82-0247-4A7F-AD4C-4BB5277F2C94}.AppStore|ARM.ActiveCfg = Release|Any CPU
		{B5FB6B82-0247-4A7F-AD4C-4BB5277F2C94}.AppStore|ARM.Build.0 = Release|Any CPU
		{B5FB6B82-0247-4A7F-AD4C-4BB5277F2C94}.AppStore|ARM.Deploy.0 = Release|Any CPU
		{B5FB6B82-0247-4A7F-AD4C-4BB5277F2C94}.AppStore|iPhone.ActiveCfg = Release|Any CPU
		{B5FB6B82-0247-4A7F-AD4C-4BB5277F2C94}.AppStore|iPhone.Build.0 = Release|Any CPU
		{B5FB6B82-0247-4A7F-AD4C-4BB5277F2C94}.AppStore|iPhone.Deploy.0 = Release|Any CPU
		{B5FB6B82-0247-4A7F-AD4C-4BB5277F2C94}.AppStore|iPhoneSimulator.ActiveCfg = Release|Any CPU
		{B5FB6B82-0247-4A7F-AD4C-4BB5277F2C94}.AppStore|iPhoneSimulator.Build.0 = Release|Any CPU
		{B5FB6B82-0247-4A7F-AD4C-4BB5277F2C94}.AppStore|iPhoneSimulator.Deploy.0 = Release|Any CPU
		{B5FB6B82-0247-4A7F-AD4C-4BB5277F2C94}.AppStore|x86.ActiveCfg = Release|Any CPU
		{B5FB6B82-0247-4A7F-AD4C-4BB5277F2C94}.AppStore|x86.Build.0 = Release|Any CPU
		{B5FB6B82-0247-4A7F-AD4C-4BB5277F2C94}.AppStore|x86.Deploy.0 = Release|Any CPU
		{B5FB6B82-0247-4A7F-AD4C-4BB5277F2C94}.Debug|Any CPU.ActiveCfg = Debug|Any CPU
		{B5FB6B82-0247-4A7F-AD4C-4BB5277F2C94}.Debug|Any CPU.Build.0 = Debug|Any CPU
		{B5FB6B82-0247-4A7F-AD4C-4BB5277F2C94}.Debug|Any CPU.Deploy.0 = Debug|Any CPU
		{B5FB6B82-0247-4A7F-AD4C-4BB5277F2C94}.Debug|ARM.ActiveCfg = Debug|Any CPU
		{B5FB6B82-0247-4A7F-AD4C-4BB5277F2C94}.Debug|ARM.Build.0 = Debug|Any CPU
		{B5FB6B82-0247-4A7F-AD4C-4BB5277F2C94}.Debug|ARM.Deploy.0 = Debug|Any CPU
		{B5FB6B82-0247-4A7F-AD4C-4BB5277F2C94}.Debug|iPhone.ActiveCfg = Debug|Any CPU
		{B5FB6B82-0247-4A7F-AD4C-4BB5277F2C94}.Debug|iPhone.Build.0 = Debug|Any CPU
		{B5FB6B82-0247-4A7F-AD4C-4BB5277F2C94}.Debug|iPhone.Deploy.0 = Debug|Any CPU
		{B5FB6B82-0247-4A7F-AD4C-4BB5277F2C94}.Debug|iPhoneSimulator.ActiveCfg = Debug|Any CPU
		{B5FB6B82-0247-4A7F-AD4C-4BB5277F2C94}.Debug|iPhoneSimulator.Build.0 = Debug|Any CPU
		{B5FB6B82-0247-4A7F-AD4C-4BB5277F2C94}.Debug|iPhoneSimulator.Deploy.0 = Debug|Any CPU
		{B5FB6B82-0247-4A7F-AD4C-4BB5277F2C94}.Debug|x86.ActiveCfg = Debug|Any CPU
		{B5FB6B82-0247-4A7F-AD4C-4BB5277F2C94}.Debug|x86.Build.0 = Debug|Any CPU
		{B5FB6B82-0247-4A7F-AD4C-4BB5277F2C94}.Debug|x86.Deploy.0 = Debug|Any CPU
		{B5FB6B82-0247-4A7F-AD4C-4BB5277F2C94}.Release|Any CPU.ActiveCfg = Release|Any CPU
		{B5FB6B82-0247-4A7F-AD4C-4BB5277F2C94}.Release|Any CPU.Build.0 = Release|Any CPU
		{B5FB6B82-0247-4A7F-AD4C-4BB5277F2C94}.Release|Any CPU.Deploy.0 = Release|Any CPU
		{B5FB6B82-0247-4A7F-AD4C-4BB5277F2C94}.Release|ARM.ActiveCfg = Release|Any CPU
		{B5FB6B82-0247-4A7F-AD4C-4BB5277F2C94}.Release|ARM.Build.0 = Release|Any CPU
		{B5FB6B82-0247-4A7F-AD4C-4BB5277F2C94}.Release|ARM.Deploy.0 = Release|Any CPU
		{B5FB6B82-0247-4A7F-AD4C-4BB5277F2C94}.Release|iPhone.ActiveCfg = Release|Any CPU
		{B5FB6B82-0247-4A7F-AD4C-4BB5277F2C94}.Release|iPhone.Build.0 = Release|Any CPU
		{B5FB6B82-0247-4A7F-AD4C-4BB5277F2C94}.Release|iPhone.Deploy.0 = Release|Any CPU
		{B5FB6B82-0247-4A7F-AD4C-4BB5277F2C94}.Release|iPhoneSimulator.ActiveCfg = Release|Any CPU
		{B5FB6B82-0247-4A7F-AD4C-4BB5277F2C94}.Release|iPhoneSimulator.Build.0 = Release|Any CPU
		{B5FB6B82-0247-4A7F-AD4C-4BB5277F2C94}.Release|iPhoneSimulator.Deploy.0 = Release|Any CPU
		{B5FB6B82-0247-4A7F-AD4C-4BB5277F2C94}.Release|x86.ActiveCfg = Release|Any CPU
		{B5FB6B82-0247-4A7F-AD4C-4BB5277F2C94}.Release|x86.Build.0 = Release|Any CPU
		{B5FB6B82-0247-4A7F-AD4C-4BB5277F2C94}.Release|x86.Deploy.0 = Release|Any CPU
		{5BD423BE-6265-4143-81F2-F224D07F41AE}.Ad-Hoc|Any CPU.ActiveCfg = Release|Any CPU
		{5BD423BE-6265-4143-81F2-F224D07F41AE}.Ad-Hoc|Any CPU.Build.0 = Release|Any CPU
		{5BD423BE-6265-4143-81F2-F224D07F41AE}.Ad-Hoc|Any CPU.Deploy.0 = Release|Any CPU
		{5BD423BE-6265-4143-81F2-F224D07F41AE}.Ad-Hoc|ARM.ActiveCfg = Release|ARM
		{5BD423BE-6265-4143-81F2-F224D07F41AE}.Ad-Hoc|ARM.Build.0 = Release|ARM
		{5BD423BE-6265-4143-81F2-F224D07F41AE}.Ad-Hoc|ARM.Deploy.0 = Release|ARM
		{5BD423BE-6265-4143-81F2-F224D07F41AE}.Ad-Hoc|iPhone.ActiveCfg = Release|Any CPU
		{5BD423BE-6265-4143-81F2-F224D07F41AE}.Ad-Hoc|iPhone.Build.0 = Release|Any CPU
		{5BD423BE-6265-4143-81F2-F224D07F41AE}.Ad-Hoc|iPhone.Deploy.0 = Release|Any CPU
		{5BD423BE-6265-4143-81F2-F224D07F41AE}.Ad-Hoc|iPhoneSimulator.ActiveCfg = Release|Any CPU
		{5BD423BE-6265-4143-81F2-F224D07F41AE}.Ad-Hoc|iPhoneSimulator.Build.0 = Release|Any CPU
		{5BD423BE-6265-4143-81F2-F224D07F41AE}.Ad-Hoc|iPhoneSimulator.Deploy.0 = Release|Any CPU
		{5BD423BE-6265-4143-81F2-F224D07F41AE}.Ad-Hoc|x86.ActiveCfg = Release|x86
		{5BD423BE-6265-4143-81F2-F224D07F41AE}.Ad-Hoc|x86.Build.0 = Release|x86
		{5BD423BE-6265-4143-81F2-F224D07F41AE}.Ad-Hoc|x86.Deploy.0 = Release|x86
		{5BD423BE-6265-4143-81F2-F224D07F41AE}.AppStore|Any CPU.ActiveCfg = Release|Any CPU
		{5BD423BE-6265-4143-81F2-F224D07F41AE}.AppStore|Any CPU.Build.0 = Release|Any CPU
		{5BD423BE-6265-4143-81F2-F224D07F41AE}.AppStore|Any CPU.Deploy.0 = Release|Any CPU
		{5BD423BE-6265-4143-81F2-F224D07F41AE}.AppStore|ARM.ActiveCfg = Release|ARM
		{5BD423BE-6265-4143-81F2-F224D07F41AE}.AppStore|ARM.Build.0 = Release|ARM
		{5BD423BE-6265-4143-81F2-F224D07F41AE}.AppStore|ARM.Deploy.0 = Release|ARM
		{5BD423BE-6265-4143-81F2-F224D07F41AE}.AppStore|iPhone.ActiveCfg = Release|Any CPU
		{5BD423BE-6265-4143-81F2-F224D07F41AE}.AppStore|iPhone.Build.0 = Release|Any CPU
		{5BD423BE-6265-4143-81F2-F224D07F41AE}.AppStore|iPhone.Deploy.0 = Release|Any CPU
		{5BD423BE-6265-4143-81F2-F224D07F41AE}.AppStore|iPhoneSimulator.ActiveCfg = Release|Any CPU
		{5BD423BE-6265-4143-81F2-F224D07F41AE}.AppStore|iPhoneSimulator.Build.0 = Release|Any CPU
		{5BD423BE-6265-4143-81F2-F224D07F41AE}.AppStore|iPhoneSimulator.Deploy.0 = Release|Any CPU
		{5BD423BE-6265-4143-81F2-F224D07F41AE}.AppStore|x86.ActiveCfg = Release|x86
		{5BD423BE-6265-4143-81F2-F224D07F41AE}.AppStore|x86.Build.0 = Release|x86
		{5BD423BE-6265-4143-81F2-F224D07F41AE}.AppStore|x86.Deploy.0 = Release|x86
		{5BD423BE-6265-4143-81F2-F224D07F41AE}.Debug|Any CPU.ActiveCfg = Debug|Any CPU
		{5BD423BE-6265-4143-81F2-F224D07F41AE}.Debug|Any CPU.Build.0 = Debug|Any CPU
		{5BD423BE-6265-4143-81F2-F224D07F41AE}.Debug|Any CPU.Deploy.0 = Debug|Any CPU
		{5BD423BE-6265-4143-81F2-F224D07F41AE}.Debug|ARM.ActiveCfg = Debug|ARM
		{5BD423BE-6265-4143-81F2-F224D07F41AE}.Debug|ARM.Build.0 = Debug|ARM
		{5BD423BE-6265-4143-81F2-F224D07F41AE}.Debug|ARM.Deploy.0 = Debug|ARM
		{5BD423BE-6265-4143-81F2-F224D07F41AE}.Debug|iPhone.ActiveCfg = Debug|Any CPU
		{5BD423BE-6265-4143-81F2-F224D07F41AE}.Debug|iPhone.Build.0 = Debug|Any CPU
		{5BD423BE-6265-4143-81F2-F224D07F41AE}.Debug|iPhone.Deploy.0 = Debug|Any CPU
		{5BD423BE-6265-4143-81F2-F224D07F41AE}.Debug|iPhoneSimulator.ActiveCfg = Debug|Any CPU
		{5BD423BE-6265-4143-81F2-F224D07F41AE}.Debug|iPhoneSimulator.Build.0 = Debug|Any CPU
		{5BD423BE-6265-4143-81F2-F224D07F41AE}.Debug|iPhoneSimulator.Deploy.0 = Debug|Any CPU
		{5BD423BE-6265-4143-81F2-F224D07F41AE}.Debug|x86.ActiveCfg = Debug|x86
		{5BD423BE-6265-4143-81F2-F224D07F41AE}.Debug|x86.Build.0 = Debug|x86
		{5BD423BE-6265-4143-81F2-F224D07F41AE}.Debug|x86.Deploy.0 = Debug|x86
		{5BD423BE-6265-4143-81F2-F224D07F41AE}.Release|Any CPU.ActiveCfg = Release|Any CPU
		{5BD423BE-6265-4143-81F2-F224D07F41AE}.Release|Any CPU.Build.0 = Release|Any CPU
		{5BD423BE-6265-4143-81F2-F224D07F41AE}.Release|Any CPU.Deploy.0 = Release|Any CPU
		{5BD423BE-6265-4143-81F2-F224D07F41AE}.Release|ARM.ActiveCfg = Release|ARM
		{5BD423BE-6265-4143-81F2-F224D07F41AE}.Release|ARM.Build.0 = Release|ARM
		{5BD423BE-6265-4143-81F2-F224D07F41AE}.Release|ARM.Deploy.0 = Release|ARM
		{5BD423BE-6265-4143-81F2-F224D07F41AE}.Release|iPhone.ActiveCfg = Release|Any CPU
		{5BD423BE-6265-4143-81F2-F224D07F41AE}.Release|iPhone.Build.0 = Release|Any CPU
		{5BD423BE-6265-4143-81F2-F224D07F41AE}.Release|iPhone.Deploy.0 = Release|Any CPU
		{5BD423BE-6265-4143-81F2-F224D07F41AE}.Release|iPhoneSimulator.ActiveCfg = Release|Any CPU
		{5BD423BE-6265-4143-81F2-F224D07F41AE}.Release|iPhoneSimulator.Build.0 = Release|Any CPU
		{5BD423BE-6265-4143-81F2-F224D07F41AE}.Release|iPhoneSimulator.Deploy.0 = Release|Any CPU
		{5BD423BE-6265-4143-81F2-F224D07F41AE}.Release|x86.ActiveCfg = Release|x86
		{5BD423BE-6265-4143-81F2-F224D07F41AE}.Release|x86.Build.0 = Release|x86
		{5BD423BE-6265-4143-81F2-F224D07F41AE}.Release|x86.Deploy.0 = Release|x86
	EndGlobalSection
	GlobalSection(SolutionProperties) = preSolution
		HideSolutionNode = FALSE
	EndGlobalSection
EndGlobal
